
Microsoft Visual Studio Solution File, Format Version 12.00
# Visual Studio Version 16
VisualStudioVersion = 16.0.31129.286
MinimumVisualStudioVersion = 10.0.40219.1
Project("{FAE04EC0-301F-11D3-BF4B-00C04F79EFBC}") = "CarRacing", "CarRacing\CarRacing.csproj", "{0E7A2BB5-AA19-4A34-931E-4D5B2E2B3A92}"
EndProject
Global
	GlobalSection(SolutionConfigurationPlatforms) = preSolution
		Debug|Any CPU = Debug|Any CPU
		Release|Any CPU = Release|Any CPU
	EndGlobalSection
	GlobalSection(ProjectConfigurationPlatforms) = postSolution
		{0E7A2BB5-AA19-4A34-931E-4D5B2E2B3A92}.Debug|Any CPU.ActiveCfg = Debug|Any CPU
		{0E7A2BB5-AA19-4A34-931E-4D5B2E2B3A92}.Debug|Any CPU.Build.0 = Debug|Any CPU
		{0E7A2BB5-AA19-4A34-931E-4D5B2E2B3A92}.Release|Any CPU.ActiveCfg = Release|Any CPU
		{0E7A2BB5-AA19-4A34-931E-4D5B2E2B3A92}.Release|Any CPU.Build.0 = Release|Any CPU
	EndGlobalSection
	GlobalSection(SolutionProperties) = preSolution
		HideSolutionNode = FALSE
	EndGlobalSection
	GlobalSection(ExtensibilityGlobals) = postSolution
		SolutionGuid = {6C64B4EF-4315-459F-BF8F-650FE86EF9CE}
	EndGlobalSection
EndGlobal
